// !$*UTF8*$!
{
	archiveVersion = 1;
	classes = {
	};
	objectVersion = 46;
	objects = {

/* Begin PBXBuildFile section */
		6D0F883B1629D12500FD5EB2 /* button-cancel@2x.png in Resources */ = {isa = PBXBuildFile; fileRef = 6D0F883A1629D12500FD5EB2 /* button-cancel@2x.png */; };
		6D0F883D1629D18700FD5EB2 /* button@2x.png in Resources */ = {isa = PBXBuildFile; fileRef = 6D0F883C1629D18700FD5EB2 /* button@2x.png */; };
		6D0F883F1629D2C600FD5EB2 /* timing-bar@2x.png in Resources */ = {isa = PBXBuildFile; fileRef = 6D0F883E1629D2C600FD5EB2 /* timing-bar@2x.png */; };
		6D0F884E1629DC4700FD5EB2 /* song-callmemaybe@2x.png in Resources */ = {isa = PBXBuildFile; fileRef = 6D0F884B1629DC4700FD5EB2 /* song-callmemaybe@2x.png */; };
		6D0F884F1629DC4700FD5EB2 /* song-gangnam@2x.png in Resources */ = {isa = PBXBuildFile; fileRef = 6D0F884C1629DC4700FD5EB2 /* song-gangnam@2x.png */; };
		6D0F88501629DC4700FD5EB2 /* song-starships@2x.png in Resources */ = {isa = PBXBuildFile; fileRef = 6D0F884D1629DC4700FD5EB2 /* song-starships@2x.png */; };
		6D0F88541629DF5900FD5EB2 /* text-hit@2x.png in Resources */ = {isa = PBXBuildFile; fileRef = 6D0F88511629DF5900FD5EB2 /* text-hit@2x.png */; };
		6D0F88551629DF5900FD5EB2 /* text-great@2x.png in Resources */ = {isa = PBXBuildFile; fileRef = 6D0F88521629DF5900FD5EB2 /* text-great@2x.png */; };
		6D0F88561629DF5900FD5EB2 /* text-good@2x.png in Resources */ = {isa = PBXBuildFile; fileRef = 6D0F88531629DF5900FD5EB2 /* text-good@2x.png */; };
		6D0F88651629E77E00FD5EB2 /* num-1@2x.png in Resources */ = {isa = PBXBuildFile; fileRef = 6D0F88621629E77E00FD5EB2 /* num-1@2x.png */; };
		6D0F88661629E77E00FD5EB2 /* num-2@2x.png in Resources */ = {isa = PBXBuildFile; fileRef = 6D0F88631629E77E00FD5EB2 /* num-2@2x.png */; };
		6D0F88671629E77E00FD5EB2 /* num-3@2x.png in Resources */ = {isa = PBXBuildFile; fileRef = 6D0F88641629E77E00FD5EB2 /* num-3@2x.png */; };
		6D0F88691629E88200FD5EB2 /* good-job@2x.png in Resources */ = {isa = PBXBuildFile; fileRef = 6D0F88681629E88200FD5EB2 /* good-job@2x.png */; };
		6D0F886B1629E8F200FD5EB2 /* text-miss@2x.png in Resources */ = {isa = PBXBuildFile; fileRef = 6D0F886A1629E8F200FD5EB2 /* text-miss@2x.png */; };
		6DA47E831628FD4400C9F127 /* UIKit.framework in Frameworks */ = {isa = PBXBuildFile; fileRef = 6DA47E821628FD4400C9F127 /* UIKit.framework */; };
		6DA47E851628FD4400C9F127 /* Foundation.framework in Frameworks */ = {isa = PBXBuildFile; fileRef = 6DA47E841628FD4400C9F127 /* Foundation.framework */; };
		6DA47E871628FD4400C9F127 /* CoreGraphics.framework in Frameworks */ = {isa = PBXBuildFile; fileRef = 6DA47E861628FD4400C9F127 /* CoreGraphics.framework */; };
		6DA47E8D1628FD4400C9F127 /* InfoPlist.strings in Resources */ = {isa = PBXBuildFile; fileRef = 6DA47E8B1628FD4400C9F127 /* InfoPlist.strings */; };
		6DA47E8F1628FD4400C9F127 /* main.m in Sources */ = {isa = PBXBuildFile; fileRef = 6DA47E8E1628FD4400C9F127 /* main.m */; };
		6DA47E931628FD4400C9F127 /* AppDelegate.m in Sources */ = {isa = PBXBuildFile; fileRef = 6DA47E921628FD4400C9F127 /* AppDelegate.m */; };
		6DA47E961628FD4400C9F127 /* ViewController.m in Sources */ = {isa = PBXBuildFile; fileRef = 6DA47E951628FD4400C9F127 /* ViewController.m */; };
		6DA47E991628FD4400C9F127 /* ViewController.xib in Resources */ = {isa = PBXBuildFile; fileRef = 6DA47E971628FD4400C9F127 /* ViewController.xib */; };
		6DA47EA21628FE6200C9F127 /* PlayViewController.m in Sources */ = {isa = PBXBuildFile; fileRef = 6DA47EA01628FE6200C9F127 /* PlayViewController.m */; };
		6DA47EA31628FE6200C9F127 /* PlayViewController.xib in Resources */ = {isa = PBXBuildFile; fileRef = 6DA47EA11628FE6200C9F127 /* PlayViewController.xib */; };
		6DA47EA7162900F400C9F127 /* FacesViewController.m in Sources */ = {isa = PBXBuildFile; fileRef = 6DA47EA5162900F400C9F127 /* FacesViewController.m */; };
		6DA47EA8162900F400C9F127 /* FacesViewController.xib in Resources */ = {isa = PBXBuildFile; fileRef = 6DA47EA6162900F400C9F127 /* FacesViewController.xib */; };
		6DA47EAF162903D800C9F127 /* Column.m in Sources */ = {isa = PBXBuildFile; fileRef = 6DA47EAE162903D800C9F127 /* Column.m */; };
		6DA47EB81629166300C9F127 /* Dot.m in Sources */ = {isa = PBXBuildFile; fileRef = 6DA47EB71629166300C9F127 /* Dot.m */; };
		6DA47EBB16291C8200C9F127 /* FacebookManager.m in Sources */ = {isa = PBXBuildFile; fileRef = 6DA47EBA16291C8200C9F127 /* FacebookManager.m */; };
		6DA47EE516297A1E00C9F127 /* play-background@2x.png in Resources */ = {isa = PBXBuildFile; fileRef = 6DA47EE416297A1E00C9F127 /* play-background@2x.png */; };
		6DA47EEB16297E5400C9F127 /* blue-dot@2x.png in Resources */ = {isa = PBXBuildFile; fileRef = 6DA47EE716297E5400C9F127 /* blue-dot@2x.png */; };
		6DA47EEC16297E5400C9F127 /* green-dot@2x.png in Resources */ = {isa = PBXBuildFile; fileRef = 6DA47EE816297E5400C9F127 /* green-dot@2x.png */; };
		6DA47EED16297E5400C9F127 /* red-dot@2x.png in Resources */ = {isa = PBXBuildFile; fileRef = 6DA47EE916297E5400C9F127 /* red-dot@2x.png */; };
		6DA47EEE16297E5400C9F127 /* yellow-dot@2x.png in Resources */ = {isa = PBXBuildFile; fileRef = 6DA47EEA16297E5400C9F127 /* yellow-dot@2x.png */; };
		6DA47EF116297ED300C9F127 /* ImagesManager.m in Sources */ = {isa = PBXBuildFile; fileRef = 6DA47EF016297ED200C9F127 /* ImagesManager.m */; };
		6DA47EF3162983CE00C9F127 /* gray-dot@2x.png in Resources */ = {isa = PBXBuildFile; fileRef = 6DA47EF2162983CE00C9F127 /* gray-dot@2x.png */; };
		BE164FFD1629703B008A5BCD /* background@2x.png in Resources */ = {isa = PBXBuildFile; fileRef = BE164FF41629703B008A5BCD /* background@2x.png */; };
		BE164FFE1629703B008A5BCD /* button-chord-off@2x.png in Resources */ = {isa = PBXBuildFile; fileRef = BE164FF51629703B008A5BCD /* button-chord-off@2x.png */; };
		BE164FFF1629703B008A5BCD /* button-chord-on@2x.png in Resources */ = {isa = PBXBuildFile; fileRef = BE164FF61629703B008A5BCD /* button-chord-on@2x.png */; };
		BE1650001629703B008A5BCD /* button-host@2x.png in Resources */ = {isa = PBXBuildFile; fileRef = BE164FF71629703B008A5BCD /* button-host@2x.png */; };
		BE1650011629703B008A5BCD /* button-strum-off@2x.png in Resources */ = {isa = PBXBuildFile; fileRef = BE164FF81629703B008A5BCD /* button-strum-off@2x.png */; };
		BE1650021629703B008A5BCD /* button-strum-on@2x.png in Resources */ = {isa = PBXBuildFile; fileRef = BE164FF91629703B008A5BCD /* button-strum-on@2x.png */; };
		BE1650031629703B008A5BCD /* guitarguy-off@2x.png in Resources */ = {isa = PBXBuildFile; fileRef = BE164FFA1629703B008A5BCD /* guitarguy-off@2x.png */; };
		BE1650041629703B008A5BCD /* guitarguy-on@2x.png in Resources */ = {isa = PBXBuildFile; fileRef = BE164FFB1629703B008A5BCD /* guitarguy-on@2x.png */; };
		BE1650051629703B008A5BCD /* logo@2x.png in Resources */ = {isa = PBXBuildFile; fileRef = BE164FFC1629703B008A5BCD /* logo@2x.png */; };
		BE8E8A7816293C510004EEE2 /* Controllers.m in Sources */ = {isa = PBXBuildFile; fileRef = BE8E8A7716293C510004EEE2 /* Controllers.m */; };
		BE8E8A84162950D60004EEE2 /* TransitionController.m in Sources */ = {isa = PBXBuildFile; fileRef = BE8E8A83162950D60004EEE2 /* TransitionController.m */; };
		BE8E8A87162965FB0004EEE2 /* AVFoundation.framework in Frameworks */ = {isa = PBXBuildFile; fileRef = BE8E8A86162965FB0004EEE2 /* AVFoundation.framework */; };
		BE8E8A8A162966740004EEE2 /* gangnam.mp3 in Resources */ = {isa = PBXBuildFile; fileRef = BE8E8A89162966740004EEE2 /* gangnam.mp3 */; };
		BE9427571629159F00EF55A0 /* MainMenuViewController.m in Sources */ = {isa = PBXBuildFile; fileRef = BE9427551629159F00EF55A0 /* MainMenuViewController.m */; };
		BE9427581629159F00EF55A0 /* MainMenuViewController.xib in Resources */ = {isa = PBXBuildFile; fileRef = BE9427561629159F00EF55A0 /* MainMenuViewController.xib */; };
		BE94275C1629188D00EF55A0 /* NetworkManager.m in Sources */ = {isa = PBXBuildFile; fileRef = BE94275B1629188D00EF55A0 /* NetworkManager.m */; };
		BE94275E162918A200EF55A0 /* GameKit.framework in Frameworks */ = {isa = PBXBuildFile; fileRef = BE94275D162918A200EF55A0 /* GameKit.framework */; };
		BECE5CCD162A06DE005B1D79 /* callmemaybe.mp3 in Resources */ = {isa = PBXBuildFile; fileRef = BECE5CCC162A06DE005B1D79 /* callmemaybe.mp3 */; };
		BECE5CCF162A0B35005B1D79 /* starships.mp3 in Resources */ = {isa = PBXBuildFile; fileRef = BECE5CCE162A0B35005B1D79 /* starships.mp3 */; };
		BECE5CDC162A1066005B1D79 /* board.png in Resources */ = {isa = PBXBuildFile; fileRef = BECE5CDB162A1066005B1D79 /* board.png */; };
		BEF008441629CCDB001BD37A /* Friend.m in Sources */ = {isa = PBXBuildFile; fileRef = EFF31FA9162990C800074395 /* Friend.m */; };
		BEF008471629D202001BD37A /* SongPickerViewController.m in Sources */ = {isa = PBXBuildFile; fileRef = BEF008461629D202001BD37A /* SongPickerViewController.m */; };
		BEF0084A1629D236001BD37A /* Song.m in Sources */ = {isa = PBXBuildFile; fileRef = BEF008491629D236001BD37A /* Song.m */; };
		BEF0084E1629D253001BD37A /* SongViewController.m in Sources */ = {isa = PBXBuildFile; fileRef = BEF0084C1629D253001BD37A /* SongViewController.m */; };
		BEF0084F1629D253001BD37A /* SongViewController.xib in Resources */ = {isa = PBXBuildFile; fileRef = BEF0084D1629D253001BD37A /* SongViewController.xib */; };
		BEF008601629DB9F001BD37A /* SongPickerViewController.xib in Resources */ = {isa = PBXBuildFile; fileRef = BEF0085F1629DB9F001BD37A /* SongPickerViewController.xib */; };
		EFC0B9CB16299A750087B697 /* MapKit.framework in Frameworks */ = {isa = PBXBuildFile; fileRef = EFC0B9CA16299A750087B697 /* MapKit.framework */; };
		EFC0B9CD16299A7C0087B697 /* ImageIO.framework in Frameworks */ = {isa = PBXBuildFile; fileRef = EFC0B9CC16299A7C0087B697 /* ImageIO.framework */; };
		EFC0B9DF16299CFF0087B697 /* libSDWebImageARC.a in Frameworks */ = {isa = PBXBuildFile; fileRef = EFC0B9DA16299CC20087B697 /* libSDWebImageARC.a */; };
		EFC0B9FB162A041A0087B697 /* QuartzCore.framework in Frameworks */ = {isa = PBXBuildFile; fileRef = EFC0B9FA162A041A0087B697 /* QuartzCore.framework */; };
		EFF31F7216296DD500074395 /* Accounts.framework in Frameworks */ = {isa = PBXBuildFile; fileRef = EFF31F7016296DD500074395 /* Accounts.framework */; };
		EFF31F7316296DD500074395 /* AdSupport.framework in Frameworks */ = {isa = PBXBuildFile; fileRef = EFF31F7116296DD500074395 /* AdSupport.framework */; };
		EFF31F7616296E2700074395 /* Social.framework in Frameworks */ = {isa = PBXBuildFile; fileRef = EFF31F7516296E2700074395 /* Social.framework */; };
		EFF31F7A16296F3D00074395 /* FacebookSDK.framework in Frameworks */ = {isa = PBXBuildFile; fileRef = EFF31F7916296F3D00074395 /* FacebookSDK.framework */; };
		EFF31F7F16296F7A00074395 /* FacebookSDKResources.bundle in Resources */ = {isa = PBXBuildFile; fileRef = EFF31F7C16296F7A00074395 /* FacebookSDKResources.bundle */; };
		EFF31F8016296F7A00074395 /* FBUserSettingsViewResources.bundle in Resources */ = {isa = PBXBuildFile; fileRef = EFF31F7D16296F7A00074395 /* FBUserSettingsViewResources.bundle */; };
/* End PBXBuildFile section */

/* Begin PBXContainerItemProxy section */
		EFC0B9D716299CC20087B697 /* PBXContainerItemProxy */ = {
			isa = PBXContainerItemProxy;
			containerPortal = EFC0B9CE16299CC10087B697 /* SDWebImage.xcodeproj */;
			proxyType = 2;
			remoteGlobalIDString = 53922D6F148C55820056699D;
			remoteInfo = SDWebImage;
		};
		EFC0B9D916299CC20087B697 /* PBXContainerItemProxy */ = {
			isa = PBXContainerItemProxy;
			containerPortal = EFC0B9CE16299CC10087B697 /* SDWebImage.xcodeproj */;
			proxyType = 2;
			remoteGlobalIDString = 53761325155AD0D5005750A4;
			remoteInfo = "SDWebImage ARC";
		};
		EFC0B9DB16299CC20087B697 /* PBXContainerItemProxy */ = {
			isa = PBXContainerItemProxy;
			containerPortal = EFC0B9CE16299CC10087B697 /* SDWebImage.xcodeproj */;
			proxyType = 2;
			remoteGlobalIDString = 531041E0157EAFA400BBABC3;
			remoteInfo = "SDWebImage ARC+MKAnnotation";
		};
		EFC0B9DD16299CE60087B697 /* PBXContainerItemProxy */ = {
			isa = PBXContainerItemProxy;
			containerPortal = EFC0B9CE16299CC10087B697 /* SDWebImage.xcodeproj */;
			proxyType = 1;
			remoteGlobalIDString = 53761307155AD0D5005750A4;
			remoteInfo = "SDWebImage ARC";
		};
/* End PBXContainerItemProxy section */

/* Begin PBXFileReference section */
		6D0F883A1629D12500FD5EB2 /* button-cancel@2x.png */ = {isa = PBXFileReference; lastKnownFileType = image.png; path = "button-cancel@2x.png"; sourceTree = "<group>"; };
		6D0F883C1629D18700FD5EB2 /* button@2x.png */ = {isa = PBXFileReference; lastKnownFileType = image.png; path = "button@2x.png"; sourceTree = "<group>"; };
		6D0F883E1629D2C600FD5EB2 /* timing-bar@2x.png */ = {isa = PBXFileReference; lastKnownFileType = image.png; path = "timing-bar@2x.png"; sourceTree = "<group>"; };
		6D0F884B1629DC4700FD5EB2 /* song-callmemaybe@2x.png */ = {isa = PBXFileReference; lastKnownFileType = image.png; path = "song-callmemaybe@2x.png"; sourceTree = "<group>"; };
		6D0F884C1629DC4700FD5EB2 /* song-gangnam@2x.png */ = {isa = PBXFileReference; lastKnownFileType = image.png; path = "song-gangnam@2x.png"; sourceTree = "<group>"; };
		6D0F884D1629DC4700FD5EB2 /* song-starships@2x.png */ = {isa = PBXFileReference; lastKnownFileType = image.png; path = "song-starships@2x.png"; sourceTree = "<group>"; };
		6D0F88511629DF5900FD5EB2 /* text-hit@2x.png */ = {isa = PBXFileReference; lastKnownFileType = image.png; path = "text-hit@2x.png"; sourceTree = "<group>"; };
		6D0F88521629DF5900FD5EB2 /* text-great@2x.png */ = {isa = PBXFileReference; lastKnownFileType = image.png; path = "text-great@2x.png"; sourceTree = "<group>"; };
		6D0F88531629DF5900FD5EB2 /* text-good@2x.png */ = {isa = PBXFileReference; lastKnownFileType = image.png; path = "text-good@2x.png"; sourceTree = "<group>"; };
		6D0F88621629E77E00FD5EB2 /* num-1@2x.png */ = {isa = PBXFileReference; lastKnownFileType = image.png; path = "num-1@2x.png"; sourceTree = "<group>"; };
		6D0F88631629E77E00FD5EB2 /* num-2@2x.png */ = {isa = PBXFileReference; lastKnownFileType = image.png; path = "num-2@2x.png"; sourceTree = "<group>"; };
		6D0F88641629E77E00FD5EB2 /* num-3@2x.png */ = {isa = PBXFileReference; lastKnownFileType = image.png; path = "num-3@2x.png"; sourceTree = "<group>"; };
		6D0F88681629E88200FD5EB2 /* good-job@2x.png */ = {isa = PBXFileReference; lastKnownFileType = image.png; path = "good-job@2x.png"; sourceTree = "<group>"; };
		6D0F886A1629E8F200FD5EB2 /* text-miss@2x.png */ = {isa = PBXFileReference; lastKnownFileType = image.png; path = "text-miss@2x.png"; sourceTree = "<group>"; };
		6DA47E7E1628FD4400C9F127 /* FaceGuitar.app */ = {isa = PBXFileReference; explicitFileType = wrapper.application; includeInIndex = 0; path = FaceGuitar.app; sourceTree = BUILT_PRODUCTS_DIR; };
		6DA47E821628FD4400C9F127 /* UIKit.framework */ = {isa = PBXFileReference; lastKnownFileType = wrapper.framework; name = UIKit.framework; path = System/Library/Frameworks/UIKit.framework; sourceTree = SDKROOT; };
		6DA47E841628FD4400C9F127 /* Foundation.framework */ = {isa = PBXFileReference; lastKnownFileType = wrapper.framework; name = Foundation.framework; path = System/Library/Frameworks/Foundation.framework; sourceTree = SDKROOT; };
		6DA47E861628FD4400C9F127 /* CoreGraphics.framework */ = {isa = PBXFileReference; lastKnownFileType = wrapper.framework; name = CoreGraphics.framework; path = System/Library/Frameworks/CoreGraphics.framework; sourceTree = SDKROOT; };
		6DA47E8A1628FD4400C9F127 /* FaceGuitar-Info.plist */ = {isa = PBXFileReference; lastKnownFileType = text.plist.xml; path = "FaceGuitar-Info.plist"; sourceTree = "<group>"; };
		6DA47E8C1628FD4400C9F127 /* en */ = {isa = PBXFileReference; lastKnownFileType = text.plist.strings; name = en; path = en.lproj/InfoPlist.strings; sourceTree = "<group>"; };
		6DA47E8E1628FD4400C9F127 /* main.m */ = {isa = PBXFileReference; lastKnownFileType = sourcecode.c.objc; path = main.m; sourceTree = "<group>"; };
		6DA47E901628FD4400C9F127 /* FaceGuitar-Prefix.pch */ = {isa = PBXFileReference; lastKnownFileType = sourcecode.c.h; path = "FaceGuitar-Prefix.pch"; sourceTree = "<group>"; };
		6DA47E911628FD4400C9F127 /* AppDelegate.h */ = {isa = PBXFileReference; lastKnownFileType = sourcecode.c.h; path = AppDelegate.h; sourceTree = "<group>"; };
		6DA47E921628FD4400C9F127 /* AppDelegate.m */ = {isa = PBXFileReference; lastKnownFileType = sourcecode.c.objc; path = AppDelegate.m; sourceTree = "<group>"; };
		6DA47E941628FD4400C9F127 /* ViewController.h */ = {isa = PBXFileReference; lastKnownFileType = sourcecode.c.h; path = ViewController.h; sourceTree = "<group>"; };
		6DA47E951628FD4400C9F127 /* ViewController.m */ = {isa = PBXFileReference; lastKnownFileType = sourcecode.c.objc; path = ViewController.m; sourceTree = "<group>"; };
		6DA47E981628FD4400C9F127 /* en */ = {isa = PBXFileReference; lastKnownFileType = file.xib; name = en; path = en.lproj/ViewController.xib; sourceTree = "<group>"; };
		6DA47E9F1628FE6200C9F127 /* PlayViewController.h */ = {isa = PBXFileReference; fileEncoding = 4; lastKnownFileType = sourcecode.c.h; path = PlayViewController.h; sourceTree = "<group>"; };
		6DA47EA01628FE6200C9F127 /* PlayViewController.m */ = {isa = PBXFileReference; fileEncoding = 4; lastKnownFileType = sourcecode.c.objc; path = PlayViewController.m; sourceTree = "<group>"; };
		6DA47EA11628FE6200C9F127 /* PlayViewController.xib */ = {isa = PBXFileReference; fileEncoding = 4; lastKnownFileType = file.xib; path = PlayViewController.xib; sourceTree = "<group>"; };
		6DA47EA4162900F400C9F127 /* FacesViewController.h */ = {isa = PBXFileReference; fileEncoding = 4; lastKnownFileType = sourcecode.c.h; path = FacesViewController.h; sourceTree = "<group>"; };
		6DA47EA5162900F400C9F127 /* FacesViewController.m */ = {isa = PBXFileReference; fileEncoding = 4; lastKnownFileType = sourcecode.c.objc; path = FacesViewController.m; sourceTree = "<group>"; };
		6DA47EA6162900F400C9F127 /* FacesViewController.xib */ = {isa = PBXFileReference; fileEncoding = 4; lastKnownFileType = file.xib; path = FacesViewController.xib; sourceTree = "<group>"; };
		6DA47EAD162903D800C9F127 /* Column.h */ = {isa = PBXFileReference; fileEncoding = 4; lastKnownFileType = sourcecode.c.h; path = Column.h; sourceTree = "<group>"; };
		6DA47EAE162903D800C9F127 /* Column.m */ = {isa = PBXFileReference; fileEncoding = 4; lastKnownFileType = sourcecode.c.objc; path = Column.m; sourceTree = "<group>"; };
		6DA47EB11629072300C9F127 /* Constants.h */ = {isa = PBXFileReference; lastKnownFileType = sourcecode.c.h; path = Constants.h; sourceTree = "<group>"; };
		6DA47EB61629166200C9F127 /* Dot.h */ = {isa = PBXFileReference; fileEncoding = 4; lastKnownFileType = sourcecode.c.h; path = Dot.h; sourceTree = "<group>"; };
		6DA47EB71629166300C9F127 /* Dot.m */ = {isa = PBXFileReference; fileEncoding = 4; lastKnownFileType = sourcecode.c.objc; path = Dot.m; sourceTree = "<group>"; };
		6DA47EB916291C8100C9F127 /* FacebookManager.h */ = {isa = PBXFileReference; fileEncoding = 4; lastKnownFileType = sourcecode.c.h; path = FacebookManager.h; sourceTree = "<group>"; };
		6DA47EBA16291C8200C9F127 /* FacebookManager.m */ = {isa = PBXFileReference; fileEncoding = 4; lastKnownFileType = sourcecode.c.objc; path = FacebookManager.m; sourceTree = "<group>"; };
		6DA47EE416297A1E00C9F127 /* play-background@2x.png */ = {isa = PBXFileReference; lastKnownFileType = image.png; name = "play-background@2x.png"; path = "images/play-background@2x.png"; sourceTree = "<group>"; };
		6DA47EE716297E5400C9F127 /* blue-dot@2x.png */ = {isa = PBXFileReference; lastKnownFileType = image.png; name = "blue-dot@2x.png"; path = "images/blue-dot@2x.png"; sourceTree = "<group>"; };
		6DA47EE816297E5400C9F127 /* green-dot@2x.png */ = {isa = PBXFileReference; lastKnownFileType = image.png; name = "green-dot@2x.png"; path = "images/green-dot@2x.png"; sourceTree = "<group>"; };
		6DA47EE916297E5400C9F127 /* red-dot@2x.png */ = {isa = PBXFileReference; lastKnownFileType = image.png; name = "red-dot@2x.png"; path = "images/red-dot@2x.png"; sourceTree = "<group>"; };
		6DA47EEA16297E5400C9F127 /* yellow-dot@2x.png */ = {isa = PBXFileReference; lastKnownFileType = image.png; name = "yellow-dot@2x.png"; path = "images/yellow-dot@2x.png"; sourceTree = "<group>"; };
		6DA47EEF16297ED200C9F127 /* ImagesManager.h */ = {isa = PBXFileReference; fileEncoding = 4; lastKnownFileType = sourcecode.c.h; path = ImagesManager.h; sourceTree = "<group>"; };
		6DA47EF016297ED200C9F127 /* ImagesManager.m */ = {isa = PBXFileReference; fileEncoding = 4; lastKnownFileType = sourcecode.c.objc; path = ImagesManager.m; sourceTree = "<group>"; };
		6DA47EF2162983CE00C9F127 /* gray-dot@2x.png */ = {isa = PBXFileReference; lastKnownFileType = image.png; name = "gray-dot@2x.png"; path = "images/gray-dot@2x.png"; sourceTree = "<group>"; };
		BE164FF41629703B008A5BCD /* background@2x.png */ = {isa = PBXFileReference; lastKnownFileType = image.png; name = "background@2x.png"; path = "images/background@2x.png"; sourceTree = "<group>"; };
		BE164FF51629703B008A5BCD /* button-chord-off@2x.png */ = {isa = PBXFileReference; lastKnownFileType = image.png; name = "button-chord-off@2x.png"; path = "images/button-chord-off@2x.png"; sourceTree = "<group>"; };
		BE164FF61629703B008A5BCD /* button-chord-on@2x.png */ = {isa = PBXFileReference; lastKnownFileType = image.png; name = "button-chord-on@2x.png"; path = "images/button-chord-on@2x.png"; sourceTree = "<group>"; };
		BE164FF71629703B008A5BCD /* button-host@2x.png */ = {isa = PBXFileReference; lastKnownFileType = image.png; name = "button-host@2x.png"; path = "images/button-host@2x.png"; sourceTree = "<group>"; };
		BE164FF81629703B008A5BCD /* button-strum-off@2x.png */ = {isa = PBXFileReference; lastKnownFileType = image.png; name = "button-strum-off@2x.png"; path = "images/button-strum-off@2x.png"; sourceTree = "<group>"; };
		BE164FF91629703B008A5BCD /* button-strum-on@2x.png */ = {isa = PBXFileReference; lastKnownFileType = image.png; name = "button-strum-on@2x.png"; path = "images/button-strum-on@2x.png"; sourceTree = "<group>"; };
		BE164FFA1629703B008A5BCD /* guitarguy-off@2x.png */ = {isa = PBXFileReference; lastKnownFileType = image.png; name = "guitarguy-off@2x.png"; path = "images/guitarguy-off@2x.png"; sourceTree = "<group>"; };
		BE164FFB1629703B008A5BCD /* guitarguy-on@2x.png */ = {isa = PBXFileReference; lastKnownFileType = image.png; name = "guitarguy-on@2x.png"; path = "images/guitarguy-on@2x.png"; sourceTree = "<group>"; };
		BE164FFC1629703B008A5BCD /* logo@2x.png */ = {isa = PBXFileReference; lastKnownFileType = image.png; name = "logo@2x.png"; path = "images/logo@2x.png"; sourceTree = "<group>"; };
		BE8E8A7616293C510004EEE2 /* Controllers.h */ = {isa = PBXFileReference; fileEncoding = 4; lastKnownFileType = sourcecode.c.h; path = Controllers.h; sourceTree = "<group>"; };
		BE8E8A7716293C510004EEE2 /* Controllers.m */ = {isa = PBXFileReference; fileEncoding = 4; lastKnownFileType = sourcecode.c.objc; path = Controllers.m; sourceTree = "<group>"; };
		BE8E8A82162950D60004EEE2 /* TransitionController.h */ = {isa = PBXFileReference; fileEncoding = 4; lastKnownFileType = sourcecode.c.h; path = TransitionController.h; sourceTree = "<group>"; };
		BE8E8A83162950D60004EEE2 /* TransitionController.m */ = {isa = PBXFileReference; fileEncoding = 4; lastKnownFileType = sourcecode.c.objc; path = TransitionController.m; sourceTree = "<group>"; };
		BE8E8A86162965FB0004EEE2 /* AVFoundation.framework */ = {isa = PBXFileReference; lastKnownFileType = wrapper.framework; name = AVFoundation.framework; path = System/Library/Frameworks/AVFoundation.framework; sourceTree = SDKROOT; };
		BE8E8A89162966740004EEE2 /* gangnam.mp3 */ = {isa = PBXFileReference; lastKnownFileType = audio.mp3; path = gangnam.mp3; sourceTree = "<group>"; };
		BE9427541629159F00EF55A0 /* MainMenuViewController.h */ = {isa = PBXFileReference; fileEncoding = 4; lastKnownFileType = sourcecode.c.h; path = MainMenuViewController.h; sourceTree = "<group>"; };
		BE9427551629159F00EF55A0 /* MainMenuViewController.m */ = {isa = PBXFileReference; fileEncoding = 4; lastKnownFileType = sourcecode.c.objc; path = MainMenuViewController.m; sourceTree = "<group>"; };
		BE9427561629159F00EF55A0 /* MainMenuViewController.xib */ = {isa = PBXFileReference; fileEncoding = 4; lastKnownFileType = file.xib; path = MainMenuViewController.xib; sourceTree = "<group>"; };
		BE94275A1629188D00EF55A0 /* NetworkManager.h */ = {isa = PBXFileReference; fileEncoding = 4; lastKnownFileType = sourcecode.c.h; path = NetworkManager.h; sourceTree = "<group>"; };
		BE94275B1629188D00EF55A0 /* NetworkManager.m */ = {isa = PBXFileReference; fileEncoding = 4; lastKnownFileType = sourcecode.c.objc; path = NetworkManager.m; sourceTree = "<group>"; };
		BE94275D162918A200EF55A0 /* GameKit.framework */ = {isa = PBXFileReference; lastKnownFileType = wrapper.framework; name = GameKit.framework; path = System/Library/Frameworks/GameKit.framework; sourceTree = SDKROOT; };
		BECE5CCC162A06DE005B1D79 /* callmemaybe.mp3 */ = {isa = PBXFileReference; lastKnownFileType = audio.mp3; path = callmemaybe.mp3; sourceTree = "<group>"; };
		BECE5CCE162A0B35005B1D79 /* starships.mp3 */ = {isa = PBXFileReference; lastKnownFileType = audio.mp3; path = starships.mp3; sourceTree = "<group>"; };
		BECE5CDB162A1066005B1D79 /* board.png */ = {isa = PBXFileReference; lastKnownFileType = image.png; path = board.png; sourceTree = "<group>"; };
		BEF008451629D202001BD37A /* SongPickerViewController.h */ = {isa = PBXFileReference; fileEncoding = 4; lastKnownFileType = sourcecode.c.h; path = SongPickerViewController.h; sourceTree = "<group>"; };
		BEF008461629D202001BD37A /* SongPickerViewController.m */ = {isa = PBXFileReference; fileEncoding = 4; lastKnownFileType = sourcecode.c.objc; path = SongPickerViewController.m; sourceTree = "<group>"; };
		BEF008481629D236001BD37A /* Song.h */ = {isa = PBXFileReference; fileEncoding = 4; lastKnownFileType = sourcecode.c.h; path = Song.h; sourceTree = "<group>"; };
		BEF008491629D236001BD37A /* Song.m */ = {isa = PBXFileReference; fileEncoding = 4; lastKnownFileType = sourcecode.c.objc; path = Song.m; sourceTree = "<group>"; };
		BEF0084B1629D253001BD37A /* SongViewController.h */ = {isa = PBXFileReference; fileEncoding = 4; lastKnownFileType = sourcecode.c.h; path = SongViewController.h; sourceTree = "<group>"; };
		BEF0084C1629D253001BD37A /* SongViewController.m */ = {isa = PBXFileReference; fileEncoding = 4; lastKnownFileType = sourcecode.c.objc; path = SongViewController.m; sourceTree = "<group>"; };
		BEF0084D1629D253001BD37A /* SongViewController.xib */ = {isa = PBXFileReference; fileEncoding = 4; lastKnownFileType = file.xib; path = SongViewController.xib; sourceTree = "<group>"; };
		BEF0085F1629DB9F001BD37A /* SongPickerViewController.xib */ = {isa = PBXFileReference; fileEncoding = 4; lastKnownFileType = file.xib; path = SongPickerViewController.xib; sourceTree = "<group>"; };
		EFC0B99E162996950087B697 /* placeholder.gif */ = {isa = PBXFileReference; lastKnownFileType = image.gif; path = placeholder.gif; sourceTree = "<group>"; };
		EFC0B9CA16299A750087B697 /* MapKit.framework */ = {isa = PBXFileReference; lastKnownFileType = wrapper.framework; name = MapKit.framework; path = System/Library/Frameworks/MapKit.framework; sourceTree = SDKROOT; };
		EFC0B9CC16299A7C0087B697 /* ImageIO.framework */ = {isa = PBXFileReference; lastKnownFileType = wrapper.framework; name = ImageIO.framework; path = System/Library/Frameworks/ImageIO.framework; sourceTree = SDKROOT; };
		EFC0B9CE16299CC10087B697 /* SDWebImage.xcodeproj */ = {isa = PBXFileReference; lastKnownFileType = "wrapper.pb-project"; name = SDWebImage.xcodeproj; path = SDWebImage/SDWebImage.xcodeproj; sourceTree = "<group>"; };
		EFC0B9FA162A041A0087B697 /* QuartzCore.framework */ = {isa = PBXFileReference; lastKnownFileType = wrapper.framework; name = QuartzCore.framework; path = System/Library/Frameworks/QuartzCore.framework; sourceTree = SDKROOT; };
		EFF31F7016296DD500074395 /* Accounts.framework */ = {isa = PBXFileReference; lastKnownFileType = wrapper.framework; name = Accounts.framework; path = System/Library/Frameworks/Accounts.framework; sourceTree = SDKROOT; };
		EFF31F7116296DD500074395 /* AdSupport.framework */ = {isa = PBXFileReference; lastKnownFileType = wrapper.framework; name = AdSupport.framework; path = System/Library/Frameworks/AdSupport.framework; sourceTree = SDKROOT; };
		EFF31F7516296E2700074395 /* Social.framework */ = {isa = PBXFileReference; lastKnownFileType = wrapper.framework; name = Social.framework; path = System/Library/Frameworks/Social.framework; sourceTree = SDKROOT; };
		EFF31F7916296F3D00074395 /* FacebookSDK.framework */ = {isa = PBXFileReference; lastKnownFileType = wrapper.framework; path = FacebookSDK.framework; sourceTree = "<group>"; };
		EFF31F7C16296F7A00074395 /* FacebookSDKResources.bundle */ = {isa = PBXFileReference; lastKnownFileType = "wrapper.plug-in"; name = FacebookSDKResources.bundle; path = FacebookSDK.framework/Resources/FacebookSDKResources.bundle; sourceTree = "<group>"; };
		EFF31F7D16296F7A00074395 /* FBUserSettingsViewResources.bundle */ = {isa = PBXFileReference; lastKnownFileType = "wrapper.plug-in"; name = FBUserSettingsViewResources.bundle; path = FacebookSDK.framework/Resources/FBUserSettingsViewResources.bundle; sourceTree = "<group>"; };
		EFF31FA8162990C800074395 /* Friend.h */ = {isa = PBXFileReference; fileEncoding = 4; lastKnownFileType = sourcecode.c.h; path = Friend.h; sourceTree = "<group>"; };
		EFF31FA9162990C800074395 /* Friend.m */ = {isa = PBXFileReference; fileEncoding = 4; lastKnownFileType = sourcecode.c.objc; path = Friend.m; sourceTree = "<group>"; };
/* End PBXFileReference section */

/* Begin PBXFrameworksBuildPhase section */
		6DA47E7B1628FD4400C9F127 /* Frameworks */ = {
			isa = PBXFrameworksBuildPhase;
			buildActionMask = 2147483647;
			files = (
				EFC0B9FB162A041A0087B697 /* QuartzCore.framework in Frameworks */,
				EFC0B9DF16299CFF0087B697 /* libSDWebImageARC.a in Frameworks */,
				EFC0B9CD16299A7C0087B697 /* ImageIO.framework in Frameworks */,
				EFC0B9CB16299A750087B697 /* MapKit.framework in Frameworks */,
				EFF31F7616296E2700074395 /* Social.framework in Frameworks */,
				EFF31F7216296DD500074395 /* Accounts.framework in Frameworks */,
				EFF31F7316296DD500074395 /* AdSupport.framework in Frameworks */,
				BE8E8A87162965FB0004EEE2 /* AVFoundation.framework in Frameworks */,
				BE94275E162918A200EF55A0 /* GameKit.framework in Frameworks */,
				6DA47E831628FD4400C9F127 /* UIKit.framework in Frameworks */,
				6DA47E851628FD4400C9F127 /* Foundation.framework in Frameworks */,
				6DA47E871628FD4400C9F127 /* CoreGraphics.framework in Frameworks */,
				EFF31F7A16296F3D00074395 /* FacebookSDK.framework in Frameworks */,
			);
			runOnlyForDeploymentPostprocessing = 0;
		};
/* End PBXFrameworksBuildPhase section */

/* Begin PBXGroup section */
		6DA47E731628FD4400C9F127 = {
			isa = PBXGroup;
			children = (
				EFC0B9CE16299CC10087B697 /* SDWebImage.xcodeproj */,
				6DA47E881628FD4400C9F127 /* FaceGuitar */,
				6DA47E811628FD4400C9F127 /* Frameworks */,
				6DA47E7F1628FD4400C9F127 /* Products */,
			);
			sourceTree = "<group>";
		};
		6DA47E7F1628FD4400C9F127 /* Products */ = {
			isa = PBXGroup;
			children = (
				6DA47E7E1628FD4400C9F127 /* FaceGuitar.app */,
			);
			name = Products;
			sourceTree = "<group>";
		};
		6DA47E811628FD4400C9F127 /* Frameworks */ = {
			isa = PBXGroup;
			children = (
				EFC0B9FA162A041A0087B697 /* QuartzCore.framework */,
				EFC0B9CC16299A7C0087B697 /* ImageIO.framework */,
				EFC0B9CA16299A750087B697 /* MapKit.framework */,
				EFF31F7C16296F7A00074395 /* FacebookSDKResources.bundle */,
				EFF31F7D16296F7A00074395 /* FBUserSettingsViewResources.bundle */,
				EFF31F7916296F3D00074395 /* FacebookSDK.framework */,
				EFF31F7516296E2700074395 /* Social.framework */,
				EFF31F7016296DD500074395 /* Accounts.framework */,
				EFF31F7116296DD500074395 /* AdSupport.framework */,
				BE8E8A86162965FB0004EEE2 /* AVFoundation.framework */,
				BE94275D162918A200EF55A0 /* GameKit.framework */,
				6DA47E821628FD4400C9F127 /* UIKit.framework */,
				6DA47E841628FD4400C9F127 /* Foundation.framework */,
				6DA47E861628FD4400C9F127 /* CoreGraphics.framework */,
			);
			name = Frameworks;
			sourceTree = "<group>";
		};
		6DA47E881628FD4400C9F127 /* FaceGuitar */ = {
			isa = PBXGroup;
			children = (
				BE8E8A88162966650004EEE2 /* Resources */,
				BE8E8A82162950D60004EEE2 /* TransitionController.h */,
				BE8E8A83162950D60004EEE2 /* TransitionController.m */,
				BE9427541629159F00EF55A0 /* MainMenuViewController.h */,
				BE9427551629159F00EF55A0 /* MainMenuViewController.m */,
				BE9427561629159F00EF55A0 /* MainMenuViewController.xib */,
				6DA47E911628FD4400C9F127 /* AppDelegate.h */,
				6DA47E921628FD4400C9F127 /* AppDelegate.m */,
				6DA47EB11629072300C9F127 /* Constants.h */,
				6DA47EA4162900F400C9F127 /* FacesViewController.h */,
				6DA47EA5162900F400C9F127 /* FacesViewController.m */,
				6DA47EA6162900F400C9F127 /* FacesViewController.xib */,
				6DA47EB916291C8100C9F127 /* FacebookManager.h */,
				6DA47EBA16291C8200C9F127 /* FacebookManager.m */,
				6DA47E941628FD4400C9F127 /* ViewController.h */,
				6DA47E951628FD4400C9F127 /* ViewController.m */,
				6DA47E971628FD4400C9F127 /* ViewController.xib */,
				6DA47E9F1628FE6200C9F127 /* PlayViewController.h */,
				6DA47EA01628FE6200C9F127 /* PlayViewController.m */,
				6DA47EA11628FE6200C9F127 /* PlayViewController.xib */,
				6DA47EEF16297ED200C9F127 /* ImagesManager.h */,
				6DA47EF016297ED200C9F127 /* ImagesManager.m */,
				6DA47EAD162903D800C9F127 /* Column.h */,
				6DA47EAE162903D800C9F127 /* Column.m */,
				6DA47EB61629166200C9F127 /* Dot.h */,
				6DA47EB71629166300C9F127 /* Dot.m */,
				BE8E8A7616293C510004EEE2 /* Controllers.h */,
				BE8E8A7716293C510004EEE2 /* Controllers.m */,
				EFF31FA8162990C800074395 /* Friend.h */,
				EFF31FA9162990C800074395 /* Friend.m */,
				BEF008451629D202001BD37A /* SongPickerViewController.h */,
				BEF008461629D202001BD37A /* SongPickerViewController.m */,
				BEF0085F1629DB9F001BD37A /* SongPickerViewController.xib */,
				BEF008481629D236001BD37A /* Song.h */,
				BEF008491629D236001BD37A /* Song.m */,
				BE94275A1629188D00EF55A0 /* NetworkManager.h */,
				BE94275B1629188D00EF55A0 /* NetworkManager.m */,
				BEF0084B1629D253001BD37A /* SongViewController.h */,
				BEF0084C1629D253001BD37A /* SongViewController.m */,
				BEF0084D1629D253001BD37A /* SongViewController.xib */,
				6DA47E891628FD4400C9F127 /* Supporting Files */,
			);
			path = FaceGuitar;
			sourceTree = "<group>";
		};
		6DA47E891628FD4400C9F127 /* Supporting Files */ = {
			isa = PBXGroup;
			children = (
				6DA47E8A1628FD4400C9F127 /* FaceGuitar-Info.plist */,
				6DA47E8B1628FD4400C9F127 /* InfoPlist.strings */,
				6DA47E8E1628FD4400C9F127 /* main.m */,
				6DA47E901628FD4400C9F127 /* FaceGuitar-Prefix.pch */,
			);
			name = "Supporting Files";
			sourceTree = "<group>";
		};
		BE8E8A88162966650004EEE2 /* Resources */ = {
			isa = PBXGroup;
			children = (
				BECE5CCE162A0B35005B1D79 /* starships.mp3 */,
				BECE5CCC162A06DE005B1D79 /* callmemaybe.mp3 */,
				6D0F88681629E88200FD5EB2 /* good-job@2x.png */,
				6D0F88621629E77E00FD5EB2 /* num-1@2x.png */,
				6D0F88631629E77E00FD5EB2 /* num-2@2x.png */,
				6D0F88641629E77E00FD5EB2 /* num-3@2x.png */,
				6D0F883E1629D2C600FD5EB2 /* timing-bar@2x.png */,
				BECE5CDB162A1066005B1D79 /* board.png */,
				6D0F883C1629D18700FD5EB2 /* button@2x.png */,
				6D0F883A1629D12500FD5EB2 /* button-cancel@2x.png */,
				EFC0B99E162996950087B697 /* placeholder.gif */,
				BE164FF41629703B008A5BCD /* background@2x.png */,
				6DA47EF2162983CE00C9F127 /* gray-dot@2x.png */,
				6DA47EE716297E5400C9F127 /* blue-dot@2x.png */,
				6DA47EE816297E5400C9F127 /* green-dot@2x.png */,
				6DA47EE916297E5400C9F127 /* red-dot@2x.png */,
				6DA47EEA16297E5400C9F127 /* yellow-dot@2x.png */,
				BE164FF51629703B008A5BCD /* button-chord-off@2x.png */,
				BE164FF61629703B008A5BCD /* button-chord-on@2x.png */,
				BE164FF71629703B008A5BCD /* button-host@2x.png */,
				BE164FF81629703B008A5BCD /* button-strum-off@2x.png */,
				BE164FF91629703B008A5BCD /* button-strum-on@2x.png */,
				BE164FFA1629703B008A5BCD /* guitarguy-off@2x.png */,
				BE164FFB1629703B008A5BCD /* guitarguy-on@2x.png */,
				6DA47EE416297A1E00C9F127 /* play-background@2x.png */,
				BE164FFC1629703B008A5BCD /* logo@2x.png */,
				6D0F886A1629E8F200FD5EB2 /* text-miss@2x.png */,
				6D0F88511629DF5900FD5EB2 /* text-hit@2x.png */,
				6D0F88521629DF5900FD5EB2 /* text-great@2x.png */,
				6D0F88531629DF5900FD5EB2 /* text-good@2x.png */,
				BE8E8A89162966740004EEE2 /* gangnam.mp3 */,
				6D0F884B1629DC4700FD5EB2 /* song-callmemaybe@2x.png */,
				6D0F884C1629DC4700FD5EB2 /* song-gangnam@2x.png */,
				6D0F884D1629DC4700FD5EB2 /* song-starships@2x.png */,
			);
			name = Resources;
			sourceTree = "<group>";
		};
		EFC0B9CF16299CC10087B697 /* Products */ = {
			isa = PBXGroup;
			children = (
				EFC0B9D816299CC20087B697 /* libSDWebImage.a */,
				EFC0B9DA16299CC20087B697 /* libSDWebImageARC.a */,
				EFC0B9DC16299CC20087B697 /* libSDWebImageARC+MKAnnotation.a */,
			);
			name = Products;
			sourceTree = "<group>";
		};
/* End PBXGroup section */

/* Begin PBXNativeTarget section */
		6DA47E7D1628FD4400C9F127 /* FaceGuitar */ = {
			isa = PBXNativeTarget;
			buildConfigurationList = 6DA47E9C1628FD4400C9F127 /* Build configuration list for PBXNativeTarget "FaceGuitar" */;
			buildPhases = (
				6DA47E7A1628FD4400C9F127 /* Sources */,
				6DA47E7B1628FD4400C9F127 /* Frameworks */,
				6DA47E7C1628FD4400C9F127 /* Resources */,
			);
			buildRules = (
			);
			dependencies = (
				EFC0B9DE16299CE60087B697 /* PBXTargetDependency */,
			);
			name = FaceGuitar;
			productName = FaceGuitar;
			productReference = 6DA47E7E1628FD4400C9F127 /* FaceGuitar.app */;
			productType = "com.apple.product-type.application";
		};
/* End PBXNativeTarget section */

/* Begin PBXProject section */
		6DA47E751628FD4400C9F127 /* Project object */ = {
			isa = PBXProject;
			attributes = {
				LastUpgradeCheck = 0440;
				ORGANIZATIONNAME = YangShun;
			};
			buildConfigurationList = 6DA47E781628FD4400C9F127 /* Build configuration list for PBXProject "FaceGuitar" */;
			compatibilityVersion = "Xcode 3.2";
			developmentRegion = English;
			hasScannedForEncodings = 0;
			knownRegions = (
				en,
			);
			mainGroup = 6DA47E731628FD4400C9F127;
			productRefGroup = 6DA47E7F1628FD4400C9F127 /* Products */;
			projectDirPath = "";
			projectReferences = (
				{
					ProductGroup = EFC0B9CF16299CC10087B697 /* Products */;
					ProjectRef = EFC0B9CE16299CC10087B697 /* SDWebImage.xcodeproj */;
				},
			);
			projectRoot = "";
			targets = (
				6DA47E7D1628FD4400C9F127 /* FaceGuitar */,
			);
		};
/* End PBXProject section */

/* Begin PBXReferenceProxy section */
		EFC0B9D816299CC20087B697 /* libSDWebImage.a */ = {
			isa = PBXReferenceProxy;
			fileType = archive.ar;
			path = libSDWebImage.a;
			remoteRef = EFC0B9D716299CC20087B697 /* PBXContainerItemProxy */;
			sourceTree = BUILT_PRODUCTS_DIR;
		};
		EFC0B9DA16299CC20087B697 /* libSDWebImageARC.a */ = {
			isa = PBXReferenceProxy;
			fileType = archive.ar;
			path = libSDWebImageARC.a;
			remoteRef = EFC0B9D916299CC20087B697 /* PBXContainerItemProxy */;
			sourceTree = BUILT_PRODUCTS_DIR;
		};
		EFC0B9DC16299CC20087B697 /* libSDWebImageARC+MKAnnotation.a */ = {
			isa = PBXReferenceProxy;
			fileType = archive.ar;
			path = "libSDWebImageARC+MKAnnotation.a";
			remoteRef = EFC0B9DB16299CC20087B697 /* PBXContainerItemProxy */;
			sourceTree = BUILT_PRODUCTS_DIR;
		};
/* End PBXReferenceProxy section */

/* Begin PBXResourcesBuildPhase section */
		6DA47E7C1628FD4400C9F127 /* Resources */ = {
			isa = PBXResourcesBuildPhase;
			buildActionMask = 2147483647;
			files = (
				6DA47E8D1628FD4400C9F127 /* InfoPlist.strings in Resources */,
				6DA47E991628FD4400C9F127 /* ViewController.xib in Resources */,
				6DA47EA31628FE6200C9F127 /* PlayViewController.xib in Resources */,
				6DA47EA8162900F400C9F127 /* FacesViewController.xib in Resources */,
				BE9427581629159F00EF55A0 /* MainMenuViewController.xib in Resources */,
				EFF31F7F16296F7A00074395 /* FacebookSDKResources.bundle in Resources */,
				EFF31F8016296F7A00074395 /* FBUserSettingsViewResources.bundle in Resources */,
				BE8E8A8A162966740004EEE2 /* gangnam.mp3 in Resources */,
				BE164FFD1629703B008A5BCD /* background@2x.png in Resources */,
				BE164FFE1629703B008A5BCD /* button-chord-off@2x.png in Resources */,
				BE164FFF1629703B008A5BCD /* button-chord-on@2x.png in Resources */,
				BE1650001629703B008A5BCD /* button-host@2x.png in Resources */,
				BE1650011629703B008A5BCD /* button-strum-off@2x.png in Resources */,
				BE1650021629703B008A5BCD /* button-strum-on@2x.png in Resources */,
				BE1650031629703B008A5BCD /* guitarguy-off@2x.png in Resources */,
				BE1650041629703B008A5BCD /* guitarguy-on@2x.png in Resources */,
				BE1650051629703B008A5BCD /* logo@2x.png in Resources */,
				6DA47EE516297A1E00C9F127 /* play-background@2x.png in Resources */,
				6DA47EEB16297E5400C9F127 /* blue-dot@2x.png in Resources */,
				6DA47EEC16297E5400C9F127 /* green-dot@2x.png in Resources */,
				6DA47EED16297E5400C9F127 /* red-dot@2x.png in Resources */,
				6DA47EEE16297E5400C9F127 /* yellow-dot@2x.png in Resources */,
				6DA47EF3162983CE00C9F127 /* gray-dot@2x.png in Resources */,
				BEF0084F1629D253001BD37A /* SongViewController.xib in Resources */,
				6D0F883B1629D12500FD5EB2 /* button-cancel@2x.png in Resources */,
				6D0F883D1629D18700FD5EB2 /* button@2x.png in Resources */,
				6D0F883F1629D2C600FD5EB2 /* timing-bar@2x.png in Resources */,
				BEF008601629DB9F001BD37A /* SongPickerViewController.xib in Resources */,
				6D0F884E1629DC4700FD5EB2 /* song-callmemaybe@2x.png in Resources */,
				6D0F884F1629DC4700FD5EB2 /* song-gangnam@2x.png in Resources */,
				6D0F88501629DC4700FD5EB2 /* song-starships@2x.png in Resources */,
				6D0F88541629DF5900FD5EB2 /* text-hit@2x.png in Resources */,
				6D0F88551629DF5900FD5EB2 /* text-great@2x.png in Resources */,
				6D0F88561629DF5900FD5EB2 /* text-good@2x.png in Resources */,
				6D0F88651629E77E00FD5EB2 /* num-1@2x.png in Resources */,
				6D0F88661629E77E00FD5EB2 /* num-2@2x.png in Resources */,
				6D0F88671629E77E00FD5EB2 /* num-3@2x.png in Resources */,
				6D0F88691629E88200FD5EB2 /* good-job@2x.png in Resources */,
				6D0F886B1629E8F200FD5EB2 /* text-miss@2x.png in Resources */,
				BECE5CCD162A06DE005B1D79 /* callmemaybe.mp3 in Resources */,
				BECE5CCF162A0B35005B1D79 /* starships.mp3 in Resources */,
				BECE5CDC162A1066005B1D79 /* board.png in Resources */,
			);
			runOnlyForDeploymentPostprocessing = 0;
		};
/* End PBXResourcesBuildPhase section */

/* Begin PBXSourcesBuildPhase section */
		6DA47E7A1628FD4400C9F127 /* Sources */ = {
			isa = PBXSourcesBuildPhase;
			buildActionMask = 2147483647;
			files = (
				BEF008441629CCDB001BD37A /* Friend.m in Sources */,
				6DA47E8F1628FD4400C9F127 /* main.m in Sources */,
				6DA47E931628FD4400C9F127 /* AppDelegate.m in Sources */,
				6DA47E961628FD4400C9F127 /* ViewController.m in Sources */,
				6DA47EA21628FE6200C9F127 /* PlayViewController.m in Sources */,
				6DA47EA7162900F400C9F127 /* FacesViewController.m in Sources */,
				BE9427571629159F00EF55A0 /* MainMenuViewController.m in Sources */,
				BE94275C1629188D00EF55A0 /* NetworkManager.m in Sources */,
				BE8E8A7816293C510004EEE2 /* Controllers.m in Sources */,
				6DA47EAF162903D800C9F127 /* Column.m in Sources */,
				6DA47EB81629166300C9F127 /* Dot.m in Sources */,
				6DA47EBB16291C8200C9F127 /* FacebookManager.m in Sources */,
				BE8E8A84162950D60004EEE2 /* TransitionController.m in Sources */,
				6DA47EF116297ED300C9F127 /* ImagesManager.m in Sources */,
				BEF008471629D202001BD37A /* SongPickerViewController.m in Sources */,
				BEF0084A1629D236001BD37A /* Song.m in Sources */,
				BEF0084E1629D253001BD37A /* SongViewController.m in Sources */,
			);
			runOnlyForDeploymentPostprocessing = 0;
		};
/* End PBXSourcesBuildPhase section */

/* Begin PBXTargetDependency section */
		EFC0B9DE16299CE60087B697 /* PBXTargetDependency */ = {
			isa = PBXTargetDependency;
			name = "SDWebImage ARC";
			targetProxy = EFC0B9DD16299CE60087B697 /* PBXContainerItemProxy */;
		};
/* End PBXTargetDependency section */

/* Begin PBXVariantGroup section */
		6DA47E8B1628FD4400C9F127 /* InfoPlist.strings */ = {
			isa = PBXVariantGroup;
			children = (
				6DA47E8C1628FD4400C9F127 /* en */,
			);
			name = InfoPlist.strings;
			sourceTree = "<group>";
		};
		6DA47E971628FD4400C9F127 /* ViewController.xib */ = {
			isa = PBXVariantGroup;
			children = (
				6DA47E981628FD4400C9F127 /* en */,
			);
			name = ViewController.xib;
			sourceTree = "<group>";
		};
/* End PBXVariantGroup section */

/* Begin XCBuildConfiguration section */
		6DA47E9A1628FD4400C9F127 /* Debug */ = {
			isa = XCBuildConfiguration;
			buildSettings = {
				ALWAYS_SEARCH_USER_PATHS = NO;
				ARCHS = "$(ARCHS_STANDARD_32_BIT)";
				CLANG_CXX_LANGUAGE_STANDARD = "gnu++0x";
				CLANG_ENABLE_OBJC_ARC = YES;
				CLANG_WARN__DUPLICATE_METHOD_MATCH = YES;
				"CODE_SIGN_IDENTITY[sdk=iphoneos*]" = "iPhone Developer";
				COPY_PHASE_STRIP = NO;
				GCC_C_LANGUAGE_STANDARD = gnu99;
				GCC_DYNAMIC_NO_PIC = NO;
				GCC_OPTIMIZATION_LEVEL = 0;
				GCC_PREPROCESSOR_DEFINITIONS = (
					"DEBUG=1",
					"$(inherited)",
				);
				GCC_SYMBOLS_PRIVATE_EXTERN = NO;
				GCC_VERSION = com.apple.compilers.llvm.clang.1_0;
				GCC_WARN_ABOUT_RETURN_TYPE = YES;
				GCC_WARN_UNINITIALIZED_AUTOS = YES;
				GCC_WARN_UNUSED_VARIABLE = YES;
				IPHONEOS_DEPLOYMENT_TARGET = 5.1;
				SDKROOT = iphoneos;
				TARGETED_DEVICE_FAMILY = 2;
			};
			name = Debug;
		};
		6DA47E9B1628FD4400C9F127 /* Release */ = {
			isa = XCBuildConfiguration;
			buildSettings = {
				ALWAYS_SEARCH_USER_PATHS = NO;
				ARCHS = "$(ARCHS_STANDARD_32_BIT)";
				CLANG_CXX_LANGUAGE_STANDARD = "gnu++0x";
				CLANG_ENABLE_OBJC_ARC = YES;
				CLANG_WARN__DUPLICATE_METHOD_MATCH = YES;
				"CODE_SIGN_IDENTITY[sdk=iphoneos*]" = "iPhone Developer";
				COPY_PHASE_STRIP = YES;
				GCC_C_LANGUAGE_STANDARD = gnu99;
				GCC_VERSION = com.apple.compilers.llvm.clang.1_0;
				GCC_WARN_ABOUT_RETURN_TYPE = YES;
				GCC_WARN_UNINITIALIZED_AUTOS = YES;
				GCC_WARN_UNUSED_VARIABLE = YES;
				IPHONEOS_DEPLOYMENT_TARGET = 5.1;
				OTHER_CFLAGS = "-DNS_BLOCK_ASSERTIONS=1";
				SDKROOT = iphoneos;
				TARGETED_DEVICE_FAMILY = 2;
				VALIDATE_PRODUCT = YES;
			};
			name = Release;
		};
		6DA47E9D1628FD4400C9F127 /* Debug */ = {
			isa = XCBuildConfiguration;
			buildSettings = {
				FRAMEWORK_SEARCH_PATHS = (
					"$(inherited)",
					"\"$(SRCROOT)\"",
				);
				GCC_PRECOMPILE_PREFIX_HEADER = YES;
				GCC_PREFIX_HEADER = "FaceGuitar/FaceGuitar-Prefix.pch";
				HEADER_SEARCH_PATHS = (
					"\"$(OBJROOT)/UninstalledProducts/include\"",
					"\"$(TARGET_BUILD_DIR)/usr/local/lib/include\"",
				);
				INFOPLIST_FILE = "FaceGuitar/FaceGuitar-Info.plist";
				OTHER_LDFLAGS = (
					"-lsqlite3.0",
					"-ObjC",
				);
				PRODUCT_NAME = "$(TARGET_NAME)";
				WRAPPER_EXTENSION = app;
			};
			name = Debug;
		};
		6DA47E9E1628FD4400C9F127 /* Release */ = {
			isa = XCBuildConfiguration;
			buildSettings = {
				FRAMEWORK_SEARCH_PATHS = (
					"$(inherited)",
					"\"$(SRCROOT)\"",
				);
				GCC_PRECOMPILE_PREFIX_HEADER = YES;
				GCC_PREFIX_HEADER = "FaceGuitar/FaceGuitar-Prefix.pch";
				HEADER_SEARCH_PATHS = (
					"\"$(OBJROOT)/UninstalledProducts/include\"",
					"\"$(TARGET_BUILD_DIR)/usr/local/lib/include\"",
				);
				INFOPLIST_FILE = "FaceGuitar/FaceGuitar-Info.plist";
				OTHER_LDFLAGS = (
					"-lsqlite3.0",
					"-ObjC",
				);
				PRODUCT_NAME = "$(TARGET_NAME)";
				WRAPPER_EXTENSION = app;
			};
			name = Release;
		};
/* End XCBuildConfiguration section */

/* Begin XCConfigurationList section */
		6DA47E781628FD4400C9F127 /* Build configuration list for PBXProject "FaceGuitar" */ = {
			isa = XCConfigurationList;
			buildConfigurations = (
				6DA47E9A1628FD4400C9F127 /* Debug */,
				6DA47E9B1628FD4400C9F127 /* Release */,
			);
			defaultConfigurationIsVisible = 0;
			defaultConfigurationName = Release;
		};
		6DA47E9C1628FD4400C9F127 /* Build configuration list for PBXNativeTarget "FaceGuitar" */ = {
			isa = XCConfigurationList;
			buildConfigurations = (
				6DA47E9D1628FD4400C9F127 /* Debug */,
				6DA47E9E1628FD4400C9F127 /* Release */,
			);
			defaultConfigurationIsVisible = 0;
			defaultConfigurationName = Release;
		};
/* End XCConfigurationList section */
	};
	rootObject = 6DA47E751628FD4400C9F127 /* Project object */;
}
