// !$*UTF8*$!
{
	archiveVersion = 1;
	classes = {
	};
	objectVersion = 46;
	objects = {

/* Begin PBXBuildFile section */
		6DA47E831628FD4400C9F127 /* UIKit.framework in Frameworks */ = {isa = PBXBuildFile; fileRef = 6DA47E821628FD4400C9F127 /* UIKit.framework */; };
		6DA47E851628FD4400C9F127 /* Foundation.framework in Frameworks */ = {isa = PBXBuildFile; fileRef = 6DA47E841628FD4400C9F127 /* Foundation.framework */; };
		6DA47E871628FD4400C9F127 /* CoreGraphics.framework in Frameworks */ = {isa = PBXBuildFile; fileRef = 6DA47E861628FD4400C9F127 /* CoreGraphics.framework */; };
		6DA47E8D1628FD4400C9F127 /* InfoPlist.strings in Resources */ = {isa = PBXBuildFile; fileRef = 6DA47E8B1628FD4400C9F127 /* InfoPlist.strings */; };
		6DA47E8F1628FD4400C9F127 /* main.m in Sources */ = {isa = PBXBuildFile; fileRef = 6DA47E8E1628FD4400C9F127 /* main.m */; };
		6DA47E931628FD4400C9F127 /* AppDelegate.m in Sources */ = {isa = PBXBuildFile; fileRef = 6DA47E921628FD4400C9F127 /* AppDelegate.m */; };
		6DA47E961628FD4400C9F127 /* ViewController.m in Sources */ = {isa = PBXBuildFile; fileRef = 6DA47E951628FD4400C9F127 /* ViewController.m */; };
		6DA47E991628FD4400C9F127 /* ViewController.xib in Resources */ = {isa = PBXBuildFile; fileRef = 6DA47E971628FD4400C9F127 /* ViewController.xib */; };
		6DA47EA21628FE6200C9F127 /* PlayViewController.m in Sources */ = {isa = PBXBuildFile; fileRef = 6DA47EA01628FE6200C9F127 /* PlayViewController.m */; };
		6DA47EA31628FE6200C9F127 /* PlayViewController.xib in Resources */ = {isa = PBXBuildFile; fileRef = 6DA47EA11628FE6200C9F127 /* PlayViewController.xib */; };
		6DA47EA7162900F400C9F127 /* FacesViewController.m in Sources */ = {isa = PBXBuildFile; fileRef = 6DA47EA5162900F400C9F127 /* FacesViewController.m */; };
		6DA47EA8162900F400C9F127 /* FacesViewController.xib in Resources */ = {isa = PBXBuildFile; fileRef = 6DA47EA6162900F400C9F127 /* FacesViewController.xib */; };
		6DA47EAF162903D800C9F127 /* Column.m in Sources */ = {isa = PBXBuildFile; fileRef = 6DA47EAE162903D800C9F127 /* Column.m */; };
		6DA47EB81629166300C9F127 /* Dot.m in Sources */ = {isa = PBXBuildFile; fileRef = 6DA47EB71629166300C9F127 /* Dot.m */; };
		6DA47EBB16291C8200C9F127 /* FacebookManager.m in Sources */ = {isa = PBXBuildFile; fileRef = 6DA47EBA16291C8200C9F127 /* FacebookManager.m */; };
		6DA47EE516297A1E00C9F127 /* play-background@2x.png in Resources */ = {isa = PBXBuildFile; fileRef = 6DA47EE416297A1E00C9F127 /* play-background@2x.png */; };
		6DA47EEB16297E5400C9F127 /* blue-dot@2x.png in Resources */ = {isa = PBXBuildFile; fileRef = 6DA47EE716297E5400C9F127 /* blue-dot@2x.png */; };
		6DA47EEC16297E5400C9F127 /* green-dot@2x.png in Resources */ = {isa = PBXBuildFile; fileRef = 6DA47EE816297E5400C9F127 /* green-dot@2x.png */; };
		6DA47EED16297E5400C9F127 /* red-dot@2x.png in Resources */ = {isa = PBXBuildFile; fileRef = 6DA47EE916297E5400C9F127 /* red-dot@2x.png */; };
		6DA47EEE16297E5400C9F127 /* yellow-dot@2x.png in Resources */ = {isa = PBXBuildFile; fileRef = 6DA47EEA16297E5400C9F127 /* yellow-dot@2x.png */; };
		BE164FFD1629703B008A5BCD /* background@2x.png in Resources */ = {isa = PBXBuildFile; fileRef = BE164FF41629703B008A5BCD /* background@2x.png */; };
		BE164FFE1629703B008A5BCD /* button-chord-off@2x.png in Resources */ = {isa = PBXBuildFile; fileRef = BE164FF51629703B008A5BCD /* button-chord-off@2x.png */; };
		BE164FFF1629703B008A5BCD /* button-chord-on@2x.png in Resources */ = {isa = PBXBuildFile; fileRef = BE164FF61629703B008A5BCD /* button-chord-on@2x.png */; };
		BE1650001629703B008A5BCD /* button-host@2x.png in Resources */ = {isa = PBXBuildFile; fileRef = BE164FF71629703B008A5BCD /* button-host@2x.png */; };
		BE1650011629703B008A5BCD /* button-strum-off@2x.png in Resources */ = {isa = PBXBuildFile; fileRef = BE164FF81629703B008A5BCD /* button-strum-off@2x.png */; };
		BE1650021629703B008A5BCD /* button-strum-on@2x.png in Resources */ = {isa = PBXBuildFile; fileRef = BE164FF91629703B008A5BCD /* button-strum-on@2x.png */; };
		BE1650031629703B008A5BCD /* guitarguy-off@2x.png in Resources */ = {isa = PBXBuildFile; fileRef = BE164FFA1629703B008A5BCD /* guitarguy-off@2x.png */; };
		BE1650041629703B008A5BCD /* guitarguy-on@2x.png in Resources */ = {isa = PBXBuildFile; fileRef = BE164FFB1629703B008A5BCD /* guitarguy-on@2x.png */; };
		BE1650051629703B008A5BCD /* logo@2x.png in Resources */ = {isa = PBXBuildFile; fileRef = BE164FFC1629703B008A5BCD /* logo@2x.png */; };
		BE8E8A7816293C510004EEE2 /* Controllers.m in Sources */ = {isa = PBXBuildFile; fileRef = BE8E8A7716293C510004EEE2 /* Controllers.m */; };
		BE8E8A84162950D60004EEE2 /* TransitionController.m in Sources */ = {isa = PBXBuildFile; fileRef = BE8E8A83162950D60004EEE2 /* TransitionController.m */; };
		BE8E8A87162965FB0004EEE2 /* AVFoundation.framework in Frameworks */ = {isa = PBXBuildFile; fileRef = BE8E8A86162965FB0004EEE2 /* AVFoundation.framework */; };
		BE8E8A8A162966740004EEE2 /* gangnam.mp3 in Resources */ = {isa = PBXBuildFile; fileRef = BE8E8A89162966740004EEE2 /* gangnam.mp3 */; };
		BE9427571629159F00EF55A0 /* MainMenuViewController.m in Sources */ = {isa = PBXBuildFile; fileRef = BE9427551629159F00EF55A0 /* MainMenuViewController.m */; };
		BE9427581629159F00EF55A0 /* MainMenuViewController.xib in Resources */ = {isa = PBXBuildFile; fileRef = BE9427561629159F00EF55A0 /* MainMenuViewController.xib */; };
		BE94275C1629188D00EF55A0 /* NetworkManager.m in Sources */ = {isa = PBXBuildFile; fileRef = BE94275B1629188D00EF55A0 /* NetworkManager.m */; };
		BE94275E162918A200EF55A0 /* GameKit.framework in Frameworks */ = {isa = PBXBuildFile; fileRef = BE94275D162918A200EF55A0 /* GameKit.framework */; };
/* End PBXBuildFile section */

/* Begin PBXFileReference section */
		6DA47E7E1628FD4400C9F127 /* FaceGuitar.app */ = {isa = PBXFileReference; explicitFileType = wrapper.application; includeInIndex = 0; path = FaceGuitar.app; sourceTree = BUILT_PRODUCTS_DIR; };
		6DA47E821628FD4400C9F127 /* UIKit.framework */ = {isa = PBXFileReference; lastKnownFileType = wrapper.framework; name = UIKit.framework; path = System/Library/Frameworks/UIKit.framework; sourceTree = SDKROOT; };
		6DA47E841628FD4400C9F127 /* Foundation.framework */ = {isa = PBXFileReference; lastKnownFileType = wrapper.framework; name = Foundation.framework; path = System/Library/Frameworks/Foundation.framework; sourceTree = SDKROOT; };
		6DA47E861628FD4400C9F127 /* CoreGraphics.framework */ = {isa = PBXFileReference; lastKnownFileType = wrapper.framework; name = CoreGraphics.framework; path = System/Library/Frameworks/CoreGraphics.framework; sourceTree = SDKROOT; };
		6DA47E8A1628FD4400C9F127 /* FaceGuitar-Info.plist */ = {isa = PBXFileReference; lastKnownFileType = text.plist.xml; path = "FaceGuitar-Info.plist"; sourceTree = "<group>"; };
		6DA47E8C1628FD4400C9F127 /* en */ = {isa = PBXFileReference; lastKnownFileType = text.plist.strings; name = en; path = en.lproj/InfoPlist.strings; sourceTree = "<group>"; };
		6DA47E8E1628FD4400C9F127 /* main.m */ = {isa = PBXFileReference; lastKnownFileType = sourcecode.c.objc; path = main.m; sourceTree = "<group>"; };
		6DA47E901628FD4400C9F127 /* FaceGuitar-Prefix.pch */ = {isa = PBXFileReference; lastKnownFileType = sourcecode.c.h; path = "FaceGuitar-Prefix.pch"; sourceTree = "<group>"; };
		6DA47E911628FD4400C9F127 /* AppDelegate.h */ = {isa = PBXFileReference; lastKnownFileType = sourcecode.c.h; path = AppDelegate.h; sourceTree = "<group>"; };
		6DA47E921628FD4400C9F127 /* AppDelegate.m */ = {isa = PBXFileReference; lastKnownFileType = sourcecode.c.objc; path = AppDelegate.m; sourceTree = "<group>"; };
		6DA47E941628FD4400C9F127 /* ViewController.h */ = {isa = PBXFileReference; lastKnownFileType = sourcecode.c.h; path = ViewController.h; sourceTree = "<group>"; };
		6DA47E951628FD4400C9F127 /* ViewController.m */ = {isa = PBXFileReference; lastKnownFileType = sourcecode.c.objc; path = ViewController.m; sourceTree = "<group>"; };
		6DA47E981628FD4400C9F127 /* en */ = {isa = PBXFileReference; lastKnownFileType = file.xib; name = en; path = en.lproj/ViewController.xib; sourceTree = "<group>"; };
		6DA47E9F1628FE6200C9F127 /* PlayViewController.h */ = {isa = PBXFileReference; fileEncoding = 4; lastKnownFileType = sourcecode.c.h; path = PlayViewController.h; sourceTree = "<group>"; };
		6DA47EA01628FE6200C9F127 /* PlayViewController.m */ = {isa = PBXFileReference; fileEncoding = 4; lastKnownFileType = sourcecode.c.objc; path = PlayViewController.m; sourceTree = "<group>"; };
		6DA47EA11628FE6200C9F127 /* PlayViewController.xib */ = {isa = PBXFileReference; fileEncoding = 4; lastKnownFileType = file.xib; path = PlayViewController.xib; sourceTree = "<group>"; };
		6DA47EA4162900F400C9F127 /* FacesViewController.h */ = {isa = PBXFileReference; fileEncoding = 4; lastKnownFileType = sourcecode.c.h; path = FacesViewController.h; sourceTree = "<group>"; };
		6DA47EA5162900F400C9F127 /* FacesViewController.m */ = {isa = PBXFileReference; fileEncoding = 4; lastKnownFileType = sourcecode.c.objc; path = FacesViewController.m; sourceTree = "<group>"; };
		6DA47EA6162900F400C9F127 /* FacesViewController.xib */ = {isa = PBXFileReference; fileEncoding = 4; lastKnownFileType = file.xib; path = FacesViewController.xib; sourceTree = "<group>"; };
		6DA47EAD162903D800C9F127 /* Column.h */ = {isa = PBXFileReference; fileEncoding = 4; lastKnownFileType = sourcecode.c.h; path = Column.h; sourceTree = "<group>"; };
		6DA47EAE162903D800C9F127 /* Column.m */ = {isa = PBXFileReference; fileEncoding = 4; lastKnownFileType = sourcecode.c.objc; path = Column.m; sourceTree = "<group>"; };
		6DA47EB11629072300C9F127 /* Constants.h */ = {isa = PBXFileReference; lastKnownFileType = sourcecode.c.h; path = Constants.h; sourceTree = "<group>"; };
		6DA47EB61629166200C9F127 /* Dot.h */ = {isa = PBXFileReference; fileEncoding = 4; lastKnownFileType = sourcecode.c.h; path = Dot.h; sourceTree = "<group>"; };
		6DA47EB71629166300C9F127 /* Dot.m */ = {isa = PBXFileReference; fileEncoding = 4; lastKnownFileType = sourcecode.c.objc; path = Dot.m; sourceTree = "<group>"; };
		6DA47EB916291C8100C9F127 /* FacebookManager.h */ = {isa = PBXFileReference; fileEncoding = 4; lastKnownFileType = sourcecode.c.h; path = FacebookManager.h; sourceTree = "<group>"; };
		6DA47EBA16291C8200C9F127 /* FacebookManager.m */ = {isa = PBXFileReference; fileEncoding = 4; lastKnownFileType = sourcecode.c.objc; path = FacebookManager.m; sourceTree = "<group>"; };
		6DA47EE416297A1E00C9F127 /* play-background@2x.png */ = {isa = PBXFileReference; lastKnownFileType = image.png; name = "play-background@2x.png"; path = "images/play-background@2x.png"; sourceTree = "<group>"; };
		6DA47EE716297E5400C9F127 /* blue-dot@2x.png */ = {isa = PBXFileReference; lastKnownFileType = image.png; name = "blue-dot@2x.png"; path = "images/blue-dot@2x.png"; sourceTree = "<group>"; };
		6DA47EE816297E5400C9F127 /* green-dot@2x.png */ = {isa = PBXFileReference; lastKnownFileType = image.png; name = "green-dot@2x.png"; path = "images/green-dot@2x.png"; sourceTree = "<group>"; };
		6DA47EE916297E5400C9F127 /* red-dot@2x.png */ = {isa = PBXFileReference; lastKnownFileType = image.png; name = "red-dot@2x.png"; path = "images/red-dot@2x.png"; sourceTree = "<group>"; };
		6DA47EEA16297E5400C9F127 /* yellow-dot@2x.png */ = {isa = PBXFileReference; lastKnownFileType = image.png; name = "yellow-dot@2x.png"; path = "images/yellow-dot@2x.png"; sourceTree = "<group>"; };
		BE164FF41629703B008A5BCD /* background@2x.png */ = {isa = PBXFileReference; lastKnownFileType = image.png; name = "background@2x.png"; path = "images/background@2x.png"; sourceTree = "<group>"; };
		BE164FF51629703B008A5BCD /* button-chord-off@2x.png */ = {isa = PBXFileReference; lastKnownFileType = image.png; name = "button-chord-off@2x.png"; path = "images/button-chord-off@2x.png"; sourceTree = "<group>"; };
		BE164FF61629703B008A5BCD /* button-chord-on@2x.png */ = {isa = PBXFileReference; lastKnownFileType = image.png; name = "button-chord-on@2x.png"; path = "images/button-chord-on@2x.png"; sourceTree = "<group>"; };
		BE164FF71629703B008A5BCD /* button-host@2x.png */ = {isa = PBXFileReference; lastKnownFileType = image.png; name = "button-host@2x.png"; path = "images/button-host@2x.png"; sourceTree = "<group>"; };
		BE164FF81629703B008A5BCD /* button-strum-off@2x.png */ = {isa = PBXFileReference; lastKnownFileType = image.png; name = "button-strum-off@2x.png"; path = "images/button-strum-off@2x.png"; sourceTree = "<group>"; };
		BE164FF91629703B008A5BCD /* button-strum-on@2x.png */ = {isa = PBXFileReference; lastKnownFileType = image.png; name = "button-strum-on@2x.png"; path = "images/button-strum-on@2x.png"; sourceTree = "<group>"; };
		BE164FFA1629703B008A5BCD /* guitarguy-off@2x.png */ = {isa = PBXFileReference; lastKnownFileType = image.png; name = "guitarguy-off@2x.png"; path = "images/guitarguy-off@2x.png"; sourceTree = "<group>"; };
		BE164FFB1629703B008A5BCD /* guitarguy-on@2x.png */ = {isa = PBXFileReference; lastKnownFileType = image.png; name = "guitarguy-on@2x.png"; path = "images/guitarguy-on@2x.png"; sourceTree = "<group>"; };
		BE164FFC1629703B008A5BCD /* logo@2x.png */ = {isa = PBXFileReference; lastKnownFileType = image.png; name = "logo@2x.png"; path = "images/logo@2x.png"; sourceTree = "<group>"; };
		BE8E8A7616293C510004EEE2 /* Controllers.h */ = {isa = PBXFileReference; fileEncoding = 4; lastKnownFileType = sourcecode.c.h; path = Controllers.h; sourceTree = "<group>"; };
		BE8E8A7716293C510004EEE2 /* Controllers.m */ = {isa = PBXFileReference; fileEncoding = 4; lastKnownFileType = sourcecode.c.objc; path = Controllers.m; sourceTree = "<group>"; };
		BE8E8A82162950D60004EEE2 /* TransitionController.h */ = {isa = PBXFileReference; fileEncoding = 4; lastKnownFileType = sourcecode.c.h; path = TransitionController.h; sourceTree = "<group>"; };
		BE8E8A83162950D60004EEE2 /* TransitionController.m */ = {isa = PBXFileReference; fileEncoding = 4; lastKnownFileType = sourcecode.c.objc; path = TransitionController.m; sourceTree = "<group>"; };
		BE8E8A86162965FB0004EEE2 /* AVFoundation.framework */ = {isa = PBXFileReference; lastKnownFileType = wrapper.framework; name = AVFoundation.framework; path = System/Library/Frameworks/AVFoundation.framework; sourceTree = SDKROOT; };
		BE8E8A89162966740004EEE2 /* gangnam.mp3 */ = {isa = PBXFileReference; lastKnownFileType = audio.mp3; path = gangnam.mp3; sourceTree = "<group>"; };
		BE9427541629159F00EF55A0 /* MainMenuViewController.h */ = {isa = PBXFileReference; fileEncoding = 4; lastKnownFileType = sourcecode.c.h; path = MainMenuViewController.h; sourceTree = "<group>"; };
		BE9427551629159F00EF55A0 /* MainMenuViewController.m */ = {isa = PBXFileReference; fileEncoding = 4; lastKnownFileType = sourcecode.c.objc; path = MainMenuViewController.m; sourceTree = "<group>"; };
		BE9427561629159F00EF55A0 /* MainMenuViewController.xib */ = {isa = PBXFileReference; fileEncoding = 4; lastKnownFileType = file.xib; path = MainMenuViewController.xib; sourceTree = "<group>"; };
		BE94275A1629188D00EF55A0 /* NetworkManager.h */ = {isa = PBXFileReference; fileEncoding = 4; lastKnownFileType = sourcecode.c.h; path = NetworkManager.h; sourceTree = "<group>"; };
		BE94275B1629188D00EF55A0 /* NetworkManager.m */ = {isa = PBXFileReference; fileEncoding = 4; lastKnownFileType = sourcecode.c.objc; path = NetworkManager.m; sourceTree = "<group>"; };
		BE94275D162918A200EF55A0 /* GameKit.framework */ = {isa = PBXFileReference; lastKnownFileType = wrapper.framework; name = GameKit.framework; path = System/Library/Frameworks/GameKit.framework; sourceTree = SDKROOT; };
/* End PBXFileReference section */

/* Begin PBXFrameworksBuildPhase section */
		6DA47E7B1628FD4400C9F127 /* Frameworks */ = {
			isa = PBXFrameworksBuildPhase;
			buildActionMask = 2147483647;
			files = (
				BE8E8A87162965FB0004EEE2 /* AVFoundation.framework in Frameworks */,
				BE94275E162918A200EF55A0 /* GameKit.framework in Frameworks */,
				6DA47E831628FD4400C9F127 /* UIKit.framework in Frameworks */,
				6DA47E851628FD4400C9F127 /* Foundation.framework in Frameworks */,
				6DA47E871628FD4400C9F127 /* CoreGraphics.framework in Frameworks */,
			);
			runOnlyForDeploymentPostprocessing = 0;
		};
/* End PBXFrameworksBuildPhase section */

/* Begin PBXGroup section */
		6DA47E731628FD4400C9F127 = {
			isa = PBXGroup;
			children = (
				6DA47E881628FD4400C9F127 /* FaceGuitar */,
				6DA47E811628FD4400C9F127 /* Frameworks */,
				6DA47E7F1628FD4400C9F127 /* Products */,
			);
			sourceTree = "<group>";
		};
		6DA47E7F1628FD4400C9F127 /* Products */ = {
			isa = PBXGroup;
			children = (
				6DA47E7E1628FD4400C9F127 /* FaceGuitar.app */,
			);
			name = Products;
			sourceTree = "<group>";
		};
		6DA47E811628FD4400C9F127 /* Frameworks */ = {
			isa = PBXGroup;
			children = (
				BE8E8A86162965FB0004EEE2 /* AVFoundation.framework */,
				BE94275D162918A200EF55A0 /* GameKit.framework */,
				6DA47E821628FD4400C9F127 /* UIKit.framework */,
				6DA47E841628FD4400C9F127 /* Foundation.framework */,
				6DA47E861628FD4400C9F127 /* CoreGraphics.framework */,
			);
			name = Frameworks;
			sourceTree = "<group>";
		};
		6DA47E881628FD4400C9F127 /* FaceGuitar */ = {
			isa = PBXGroup;
			children = (
				BE8E8A88162966650004EEE2 /* Resources */,
				BE8E8A82162950D60004EEE2 /* TransitionController.h */,
				BE8E8A83162950D60004EEE2 /* TransitionController.m */,
				BE9427541629159F00EF55A0 /* MainMenuViewController.h */,
				BE9427551629159F00EF55A0 /* MainMenuViewController.m */,
				BE9427561629159F00EF55A0 /* MainMenuViewController.xib */,
				6DA47E911628FD4400C9F127 /* AppDelegate.h */,
				6DA47E921628FD4400C9F127 /* AppDelegate.m */,
				6DA47EB11629072300C9F127 /* Constants.h */,
				6DA47EA4162900F400C9F127 /* FacesViewController.h */,
				6DA47EA5162900F400C9F127 /* FacesViewController.m */,
				6DA47EA6162900F400C9F127 /* FacesViewController.xib */,
				6DA47EB916291C8100C9F127 /* FacebookManager.h */,
				6DA47EBA16291C8200C9F127 /* FacebookManager.m */,
				6DA47E941628FD4400C9F127 /* ViewController.h */,
				6DA47E951628FD4400C9F127 /* ViewController.m */,
				6DA47E971628FD4400C9F127 /* ViewController.xib */,
				6DA47E9F1628FE6200C9F127 /* PlayViewController.h */,
				6DA47EA01628FE6200C9F127 /* PlayViewController.m */,
				6DA47EA11628FE6200C9F127 /* PlayViewController.xib */,
				6DA47EAD162903D800C9F127 /* Column.h */,
				6DA47EAE162903D800C9F127 /* Column.m */,
				6DA47EB61629166200C9F127 /* Dot.h */,
				6DA47EB71629166300C9F127 /* Dot.m */,
				6DA47E891628FD4400C9F127 /* Supporting Files */,
				BE94275A1629188D00EF55A0 /* NetworkManager.h */,
				BE94275B1629188D00EF55A0 /* NetworkManager.m */,
				BE8E8A7616293C510004EEE2 /* Controllers.h */,
				BE8E8A7716293C510004EEE2 /* Controllers.m */,
			);
			path = FaceGuitar;
			sourceTree = "<group>";
		};
		6DA47E891628FD4400C9F127 /* Supporting Files */ = {
			isa = PBXGroup;
			children = (
				6DA47E8A1628FD4400C9F127 /* FaceGuitar-Info.plist */,
				6DA47E8B1628FD4400C9F127 /* InfoPlist.strings */,
				6DA47E8E1628FD4400C9F127 /* main.m */,
				6DA47E901628FD4400C9F127 /* FaceGuitar-Prefix.pch */,
			);
			name = "Supporting Files";
			sourceTree = "<group>";
		};
		BE8E8A88162966650004EEE2 /* Resources */ = {
			isa = PBXGroup;
			children = (
				BE164FF41629703B008A5BCD /* background@2x.png */,
				6DA47EE716297E5400C9F127 /* blue-dot@2x.png */,
				6DA47EE816297E5400C9F127 /* green-dot@2x.png */,
				6DA47EE916297E5400C9F127 /* red-dot@2x.png */,
				6DA47EEA16297E5400C9F127 /* yellow-dot@2x.png */,
				BE164FF51629703B008A5BCD /* button-chord-off@2x.png */,
				BE164FF61629703B008A5BCD /* button-chord-on@2x.png */,
				BE164FF71629703B008A5BCD /* button-host@2x.png */,
				BE164FF81629703B008A5BCD /* button-strum-off@2x.png */,
				BE164FF91629703B008A5BCD /* button-strum-on@2x.png */,
				BE164FFA1629703B008A5BCD /* guitarguy-off@2x.png */,
				BE164FFB1629703B008A5BCD /* guitarguy-on@2x.png */,
				6DA47EE416297A1E00C9F127 /* play-background@2x.png */,
				BE164FFC1629703B008A5BCD /* logo@2x.png */,
				BE8E8A89162966740004EEE2 /* gangnam.mp3 */,
			);
			name = Resources;
			sourceTree = "<group>";
		};
/* End PBXGroup section */

/* Begin PBXNativeTarget section */
		6DA47E7D1628FD4400C9F127 /* FaceGuitar */ = {
			isa = PBXNativeTarget;
			buildConfigurationList = 6DA47E9C1628FD4400C9F127 /* Build configuration list for PBXNativeTarget "FaceGuitar" */;
			buildPhases = (
				6DA47E7A1628FD4400C9F127 /* Sources */,
				6DA47E7B1628FD4400C9F127 /* Frameworks */,
				6DA47E7C1628FD4400C9F127 /* Resources */,
			);
			buildRules = (
			);
			dependencies = (
			);
			name = FaceGuitar;
			productName = FaceGuitar;
			productReference = 6DA47E7E1628FD4400C9F127 /* FaceGuitar.app */;
			productType = "com.apple.product-type.application";
		};
/* End PBXNativeTarget section */

/* Begin PBXProject section */
		6DA47E751628FD4400C9F127 /* Project object */ = {
			isa = PBXProject;
			attributes = {
				LastUpgradeCheck = 0440;
				ORGANIZATIONNAME = YangShun;
			};
			buildConfigurationList = 6DA47E781628FD4400C9F127 /* Build configuration list for PBXProject "FaceGuitar" */;
			compatibilityVersion = "Xcode 3.2";
			developmentRegion = English;
			hasScannedForEncodings = 0;
			knownRegions = (
				en,
			);
			mainGroup = 6DA47E731628FD4400C9F127;
			productRefGroup = 6DA47E7F1628FD4400C9F127 /* Products */;
			projectDirPath = "";
			projectRoot = "";
			targets = (
				6DA47E7D1628FD4400C9F127 /* FaceGuitar */,
			);
		};
/* End PBXProject section */

/* Begin PBXResourcesBuildPhase section */
		6DA47E7C1628FD4400C9F127 /* Resources */ = {
			isa = PBXResourcesBuildPhase;
			buildActionMask = 2147483647;
			files = (
				6DA47E8D1628FD4400C9F127 /* InfoPlist.strings in Resources */,
				6DA47E991628FD4400C9F127 /* ViewController.xib in Resources */,
				6DA47EA31628FE6200C9F127 /* PlayViewController.xib in Resources */,
				6DA47EA8162900F400C9F127 /* FacesViewController.xib in Resources */,
				BE9427581629159F00EF55A0 /* MainMenuViewController.xib in Resources */,
				BE8E8A8A162966740004EEE2 /* gangnam.mp3 in Resources */,
				BE164FFD1629703B008A5BCD /* background@2x.png in Resources */,
				BE164FFE1629703B008A5BCD /* button-chord-off@2x.png in Resources */,
				BE164FFF1629703B008A5BCD /* button-chord-on@2x.png in Resources */,
				BE1650001629703B008A5BCD /* button-host@2x.png in Resources */,
				BE1650011629703B008A5BCD /* button-strum-off@2x.png in Resources */,
				BE1650021629703B008A5BCD /* button-strum-on@2x.png in Resources */,
				BE1650031629703B008A5BCD /* guitarguy-off@2x.png in Resources */,
				BE1650041629703B008A5BCD /* guitarguy-on@2x.png in Resources */,
				BE1650051629703B008A5BCD /* logo@2x.png in Resources */,
				6DA47EE516297A1E00C9F127 /* play-background@2x.png in Resources */,
				6DA47EEB16297E5400C9F127 /* blue-dot@2x.png in Resources */,
				6DA47EEC16297E5400C9F127 /* green-dot@2x.png in Resources */,
				6DA47EED16297E5400C9F127 /* red-dot@2x.png in Resources */,
				6DA47EEE16297E5400C9F127 /* yellow-dot@2x.png in Resources */,
			);
			runOnlyForDeploymentPostprocessing = 0;
		};
/* End PBXResourcesBuildPhase section */

/* Begin PBXSourcesBuildPhase section */
		6DA47E7A1628FD4400C9F127 /* Sources */ = {
			isa = PBXSourcesBuildPhase;
			buildActionMask = 2147483647;
			files = (
				6DA47E8F1628FD4400C9F127 /* main.m in Sources */,
				6DA47E931628FD4400C9F127 /* AppDelegate.m in Sources */,
				6DA47E961628FD4400C9F127 /* ViewController.m in Sources */,
				6DA47EA21628FE6200C9F127 /* PlayViewController.m in Sources */,
				6DA47EA7162900F400C9F127 /* FacesViewController.m in Sources */,
				BE9427571629159F00EF55A0 /* MainMenuViewController.m in Sources */,
				BE94275C1629188D00EF55A0 /* NetworkManager.m in Sources */,
				BE8E8A7816293C510004EEE2 /* Controllers.m in Sources */,
				6DA47EAF162903D800C9F127 /* Column.m in Sources */,
				6DA47EB81629166300C9F127 /* Dot.m in Sources */,
				6DA47EBB16291C8200C9F127 /* FacebookManager.m in Sources */,
				BE8E8A84162950D60004EEE2 /* TransitionController.m in Sources */,
			);
			runOnlyForDeploymentPostprocessing = 0;
		};
/* End PBXSourcesBuildPhase section */

/* Begin PBXVariantGroup section */
		6DA47E8B1628FD4400C9F127 /* InfoPlist.strings */ = {
			isa = PBXVariantGroup;
			children = (
				6DA47E8C1628FD4400C9F127 /* en */,
			);
			name = InfoPlist.strings;
			sourceTree = "<group>";
		};
		6DA47E971628FD4400C9F127 /* ViewController.xib */ = {
			isa = PBXVariantGroup;
			children = (
				6DA47E981628FD4400C9F127 /* en */,
			);
			name = ViewController.xib;
			sourceTree = "<group>";
		};
/* End PBXVariantGroup section */

/* Begin XCBuildConfiguration section */
		6DA47E9A1628FD4400C9F127 /* Debug */ = {
			isa = XCBuildConfiguration;
			buildSettings = {
				ALWAYS_SEARCH_USER_PATHS = NO;
				ARCHS = "$(ARCHS_STANDARD_32_BIT)";
				CLANG_CXX_LANGUAGE_STANDARD = "gnu++0x";
				CLANG_ENABLE_OBJC_ARC = YES;
				CLANG_WARN__DUPLICATE_METHOD_MATCH = YES;
				"CODE_SIGN_IDENTITY[sdk=iphoneos*]" = "iPhone Developer";
				COPY_PHASE_STRIP = NO;
				GCC_C_LANGUAGE_STANDARD = gnu99;
				GCC_DYNAMIC_NO_PIC = NO;
				GCC_OPTIMIZATION_LEVEL = 0;
				GCC_PREPROCESSOR_DEFINITIONS = (
					"DEBUG=1",
					"$(inherited)",
				);
				GCC_SYMBOLS_PRIVATE_EXTERN = NO;
				GCC_VERSION = com.apple.compilers.llvm.clang.1_0;
				GCC_WARN_ABOUT_RETURN_TYPE = YES;
				GCC_WARN_UNINITIALIZED_AUTOS = YES;
				GCC_WARN_UNUSED_VARIABLE = YES;
				IPHONEOS_DEPLOYMENT_TARGET = 5.1;
				SDKROOT = iphoneos;
				TARGETED_DEVICE_FAMILY = 2;
			};
			name = Debug;
		};
		6DA47E9B1628FD4400C9F127 /* Release */ = {
			isa = XCBuildConfiguration;
			buildSettings = {
				ALWAYS_SEARCH_USER_PATHS = NO;
				ARCHS = "$(ARCHS_STANDARD_32_BIT)";
				CLANG_CXX_LANGUAGE_STANDARD = "gnu++0x";
				CLANG_ENABLE_OBJC_ARC = YES;
				CLANG_WARN__DUPLICATE_METHOD_MATCH = YES;
				"CODE_SIGN_IDENTITY[sdk=iphoneos*]" = "iPhone Developer";
				COPY_PHASE_STRIP = YES;
				GCC_C_LANGUAGE_STANDARD = gnu99;
				GCC_VERSION = com.apple.compilers.llvm.clang.1_0;
				GCC_WARN_ABOUT_RETURN_TYPE = YES;
				GCC_WARN_UNINITIALIZED_AUTOS = YES;
				GCC_WARN_UNUSED_VARIABLE = YES;
				IPHONEOS_DEPLOYMENT_TARGET = 5.1;
				OTHER_CFLAGS = "-DNS_BLOCK_ASSERTIONS=1";
				SDKROOT = iphoneos;
				TARGETED_DEVICE_FAMILY = 2;
				VALIDATE_PRODUCT = YES;
			};
			name = Release;
		};
		6DA47E9D1628FD4400C9F127 /* Debug */ = {
			isa = XCBuildConfiguration;
			buildSettings = {
				GCC_PRECOMPILE_PREFIX_HEADER = YES;
				GCC_PREFIX_HEADER = "FaceGuitar/FaceGuitar-Prefix.pch";
				INFOPLIST_FILE = "FaceGuitar/FaceGuitar-Info.plist";
				PRODUCT_NAME = "$(TARGET_NAME)";
				WRAPPER_EXTENSION = app;
			};
			name = Debug;
		};
		6DA47E9E1628FD4400C9F127 /* Release */ = {
			isa = XCBuildConfiguration;
			buildSettings = {
				GCC_PRECOMPILE_PREFIX_HEADER = YES;
				GCC_PREFIX_HEADER = "FaceGuitar/FaceGuitar-Prefix.pch";
				INFOPLIST_FILE = "FaceGuitar/FaceGuitar-Info.plist";
				PRODUCT_NAME = "$(TARGET_NAME)";
				WRAPPER_EXTENSION = app;
			};
			name = Release;
		};
/* End XCBuildConfiguration section */

/* Begin XCConfigurationList section */
		6DA47E781628FD4400C9F127 /* Build configuration list for PBXProject "FaceGuitar" */ = {
			isa = XCConfigurationList;
			buildConfigurations = (
				6DA47E9A1628FD4400C9F127 /* Debug */,
				6DA47E9B1628FD4400C9F127 /* Release */,
			);
			defaultConfigurationIsVisible = 0;
			defaultConfigurationName = Release;
		};
		6DA47E9C1628FD4400C9F127 /* Build configuration list for PBXNativeTarget "FaceGuitar" */ = {
			isa = XCConfigurationList;
			buildConfigurations = (
				6DA47E9D1628FD4400C9F127 /* Debug */,
				6DA47E9E1628FD4400C9F127 /* Release */,
			);
			defaultConfigurationIsVisible = 0;
			defaultConfigurationName = Release;
		};
/* End XCConfigurationList section */
	};
	rootObject = 6DA47E751628FD4400C9F127 /* Project object */;
}
